
Microsoft Visual Studio Solution File, Format Version 12.00
# Visual Studio Version 16
VisualStudioVersion = 16.0.31515.178
MinimumVisualStudioVersion = 10.0.40219.1
Project("{FAE04EC0-301F-11D3-BF4B-00C04F79EFBC}") = "FalangaP3", "FalangaP3.csproj", "{1EFF22C8-5EE4-4C7D-B373-CC4F723BDB4D}"
EndProject
Global
	GlobalSection(SolutionConfigurationPlatforms) = preSolution
		Debug|Any CPU = Debug|Any CPU
		Release|Any CPU = Release|Any CPU
	EndGlobalSection
	GlobalSection(ProjectConfigurationPlatforms) = postSolution
		{1EFF22C8-5EE4-4C7D-B373-CC4F723BDB4D}.Debug|Any CPU.ActiveCfg = Debug|Any CPU
		{1EFF22C8-5EE4-4C7D-B373-CC4F723BDB4D}.Debug|Any CPU.Build.0 = Debug|Any CPU
		{1EFF22C8-5EE4-4C7D-B373-CC4F723BDB4D}.Release|Any CPU.ActiveCfg = Release|Any CPU
		{1EFF22C8-5EE4-4C7D-B373-CC4F723BDB4D}.Release|Any CPU.Build.0 = Release|Any CPU
	EndGlobalSection
	GlobalSection(SolutionProperties) = preSolution
		HideSolutionNode = FALSE
	EndGlobalSection
	GlobalSection(ExtensibilityGlobals) = postSolution
		SolutionGuid = {B4881D38-9A70-4E0A-9787-95F0C190F200}
	EndGlobalSection
EndGlobal
